
Microsoft Visual Studio Solution File, Format Version 12.00
# Visual Studio Version 16
VisualStudioVersion = 16.0.31624.102
MinimumVisualStudioVersion = 10.0.40219.1
Project("{FAE04EC0-301F-11D3-BF4B-00C04F79EFBC}") = "allhlepidrash", "allhlepidrash.csproj", "{77113E34-BBEA-4B8F-B5C3-41E3F47C8888}"
EndProject
Global
	GlobalSection(SolutionConfigurationPlatforms) = preSolution
		Debug|Any CPU = Debug|Any CPU
		Release|Any CPU = Release|Any CPU
	EndGlobalSection
	GlobalSection(ProjectConfigurationPlatforms) = postSolution
		{77113E34-BBEA-4B8F-B5C3-41E3F47C8888}.Debug|Any CPU.ActiveCfg = Debug|Any CPU
		{77113E34-BBEA-4B8F-B5C3-41E3F47C8888}.Debug|Any CPU.Build.0 = Debug|Any CPU
		{77113E34-BBEA-4B8F-B5C3-41E3F47C8888}.Release|Any CPU.ActiveCfg = Release|Any CPU
		{77113E34-BBEA-4B8F-B5C3-41E3F47C8888}.Release|Any CPU.Build.0 = Release|Any CPU
	EndGlobalSection
	GlobalSection(SolutionProperties) = preSolution
		HideSolutionNode = FALSE
	EndGlobalSection
	GlobalSection(ExtensibilityGlobals) = postSolution
		SolutionGuid = {885344CE-8F13-4062-A4EA-2FBCC425E030}
	EndGlobalSection
EndGlobal
